Microsoft Visual Studio Solution File, Format Version 12.00
# Visual Studio Version 17
VisualStudioVersion = 17.5.2.0
MinimumVisualStudioVersion = 10.0.40219.1
Project("{FAE04EC0-301F-11D3-BF4B-00C04F79EFBC}") = "ComunicaAPI", "ComunicaAPI.csproj", "{6D59E4F4-6282-6BA4-4082-B247272C0B04}"
EndProject
Global
	GlobalSection(SolutionConfigurationPlatforms) = preSolution
		Debug|Any CPU = Debug|Any CPU
		Release|Any CPU = Release|Any CPU
	EndGlobalSection
	GlobalSection(ProjectConfigurationPlatforms) = postSolution
		{6D59E4F4-6282-6BA4-4082-B247272C0B04}.Debug|Any CPU.ActiveCfg = Debug|Any CPU
		{6D59E4F4-6282-6BA4-4082-B247272C0B04}.Debug|Any CPU.Build.0 = Debug|Any CPU
		{6D59E4F4-6282-6BA4-4082-B247272C0B04}.Release|Any CPU.ActiveCfg = Release|Any CPU
		{6D59E4F4-6282-6BA4-4082-B247272C0B04}.Release|Any CPU.Build.0 = Release|Any CPU
	EndGlobalSection
	GlobalSection(SolutionProperties) = preSolution
		HideSolutionNode = FALSE
	EndGlobalSection
	GlobalSection(ExtensibilityGlobals) = postSolution
		SolutionGuid = {44743952-0019-4F5B-BF05-9D75E46B0186}
	EndGlobalSection
EndGlobal
